
Microsoft Visual Studio Solution File, Format Version 12.00
# Visual Studio Version 17
VisualStudioVersion = 17.3.32611.2
MinimumVisualStudioVersion = 10.0.40219.1
Project("{9A19103F-16F7-4668-BE54-9A1E7A4F7556}") = "AuthServer", "AuthServer\AuthServer.csproj", "{55C1A54A-7F69-4193-886F-DACF5D234D46}"
EndProject
Project("{FAE04EC0-301F-11D3-BF4B-00C04F79EFBC}") = "Shared", "Shared\Shared.csproj", "{309DD188-5D60-4DA0-94D1-891FA488FB4F}"
EndProject
Global
	GlobalSection(SolutionConfigurationPlatforms) = preSolution
		Debug|Any CPU = Debug|Any CPU
		Release|Any CPU = Release|Any CPU
	EndGlobalSection
	GlobalSection(ProjectConfigurationPlatforms) = postSolution
		{55C1A54A-7F69-4193-886F-DACF5D234D46}.Debug|Any CPU.ActiveCfg = Debug|Any CPU
		{55C1A54A-7F69-4193-886F-DACF5D234D46}.Debug|Any CPU.Build.0 = Debug|Any CPU
		{55C1A54A-7F69-4193-886F-DACF5D234D46}.Release|Any CPU.ActiveCfg = Release|Any CPU
		{55C1A54A-7F69-4193-886F-DACF5D234D46}.Release|Any CPU.Build.0 = Release|Any CPU
		{309DD188-5D60-4DA0-94D1-891FA488FB4F}.Debug|Any CPU.ActiveCfg = Debug|Any CPU
		{309DD188-5D60-4DA0-94D1-891FA488FB4F}.Debug|Any CPU.Build.0 = Debug|Any CPU
		{309DD188-5D60-4DA0-94D1-891FA488FB4F}.Release|Any CPU.ActiveCfg = Release|Any CPU
		{309DD188-5D60-4DA0-94D1-891FA488FB4F}.Release|Any CPU.Build.0 = Release|Any CPU
	EndGlobalSection
	GlobalSection(SolutionProperties) = preSolution
		HideSolutionNode = FALSE
	EndGlobalSection
	GlobalSection(ExtensibilityGlobals) = postSolution
		SolutionGuid = {F2DC12C2-DAE7-4201-B82F-E51810E255D3}
	EndGlobalSection
EndGlobal
